%{
  "dantzig_adventofcode2025": {:hex, :dantzig_adventofcode2025, "0.2.1", "d6fa1ffb612a734997324f68b70ae10075322d8116be426876ea2b4a519d55f4", [:mix], [{:nimble_parsec, "~> 1.4", [hex: :nimble_parsec, repo: "hexpm", optional: false]}], "hexpm", "467ecd46c807e7f026aeefb7db9bb59658531a432108f91f208486b1b84a4da5"},
  "nimble_parsec": {:hex, :nimble_parsec, "1.4.2", "8efba0122db06df95bfaa78f791344a89352ba04baedd3849593bfce4d0dc1c6", [:mix], [], "hexpm", "4b21398942dda052b403bbe1da991ccd03a053668d147d53fb8c4e0efe09c973"},
}
